
Microsoft Visual Studio Solution File, Format Version 12.00
# Visual Studio Version 17
VisualStudioVersion = 17.7.34202.233
MinimumVisualStudioVersion = 10.0.40219.1
Project("{8BC9CEB8-8B4A-11D0-8D11-00A0C91BC942}") = "Course", "Course\Course.vcxproj", "{C6C94930-C551-44DB-AD5F-EB91AC76311A}"
EndProject
Project("{2150E333-8FDC-42A3-9474-1A3956D46DE8}") = "C100", "C100", "{BA29EA6C-755D-4F40-9206-22865DEC7332}"
EndProject
Project("{8BC9CEB8-8B4A-11D0-8D11-00A0C91BC942}") = "Lab1", "C100\Lab1\Lab1.vcxproj", "{8231E42E-F014-4E70-A72D-735001736F22}"
EndProject
Project("{8BC9CEB8-8B4A-11D0-8D11-00A0C91BC942}") = "Lab2", "C100\Lab2\Lab2.vcxproj", "{37D14E83-4126-4198-84C8-EEDC8C8478BC}"
EndProject
Project("{8BC9CEB8-8B4A-11D0-8D11-00A0C91BC942}") = "Lab3", "C100\Lab3\Lab3.vcxproj", "{4AEE975E-85E2-467D-B770-4EBA95B5CBA7}"
EndProject
Project("{8BC9CEB8-8B4A-11D0-8D11-00A0C91BC942}") = "Lab4", "C100\Lab4\Lab4.vcxproj", "{FC1007C6-C6A9-4E69-B12D-A7EF8D3D2FA7}"
EndProject
Project("{8BC9CEB8-8B4A-11D0-8D11-00A0C91BC942}") = "Lab5", "C100\Lab5\Lab5.vcxproj", "{137447A2-D8A8-42F3-ABAE-FD7F9495BAA9}"
EndProject
Project("{2150E333-8FDC-42A3-9474-1A3956D46DE8}") = "С110", "С110", "{2D573AC3-9A2B-4F71-814B-445455607C6E}"
EndProject
Project("{8BC9CEB8-8B4A-11D0-8D11-00A0C91BC942}") = "Lab1", "C110\Lab1\Lab1.vcxproj", "{F9B1086E-94A8-417D-912C-0733D3C7AA28}"
EndProject
Project("{8BC9CEB8-8B4A-11D0-8D11-00A0C91BC942}") = "Lab2", "C110\Lab2\Lab2.vcxproj", "{5B7B3464-B034-4D0F-AAF1-7073EEBA6C89}"
EndProject
Project("{8BC9CEB8-8B4A-11D0-8D11-00A0C91BC942}") = "Lab3", "C110\Lab3\Lab3.vcxproj", "{F56101A2-FF03-4863-842A-9CECC32A3448}"
EndProject
Project("{8BC9CEB8-8B4A-11D0-8D11-00A0C91BC942}") = "Lab4", "C110\Lab4\Lab4.vcxproj", "{3BD87D9E-1032-4A76-8C58-F287C996DAB5}"
EndProject
Project("{2150E333-8FDC-42A3-9474-1A3956D46DE8}") = "ExamSnake", "ExamSnake", "{23344AB9-BCF4-463F-85FE-6E835E6812F4}"
EndProject
Project("{8BC9CEB8-8B4A-11D0-8D11-00A0C91BC942}") = "Part1", "ExamSnake\Part1\Part1.vcxproj", "{3B8C2621-BE72-4664-9F35-1D4668C16F1E}"
EndProject
Project("{2150E333-8FDC-42A3-9474-1A3956D46DE8}") = "C200", "C200", "{622A88EE-F83E-4E31-8697-8599D6523C4D}"
EndProject
Project("{8BC9CEB8-8B4A-11D0-8D11-00A0C91BC942}") = "Lab1", "C200\Lab1\Lab1.vcxproj", "{6AB652B8-A772-4CCE-9FB7-6386BD1AB9FF}"
EndProject
Project("{8BC9CEB8-8B4A-11D0-8D11-00A0C91BC942}") = "Lab3", "C200\Lab3\Lab3.vcxproj", "{2E329699-3D83-4089-9CBC-93B36157FE1D}"
EndProject
Project("{8BC9CEB8-8B4A-11D0-8D11-00A0C91BC942}") = "Lab4", "C200\Lab4\Lab4.vcxproj", "{48F1A169-259B-4800-84CB-55F606FC1484}"
EndProject
Project("{8BC9CEB8-8B4A-11D0-8D11-00A0C91BC942}") = "Lab6", "C200\Lab6\Lab6.vcxproj", "{9AA98EE9-96EE-4AF5-82B3-C3D99CF9A202}"
EndProject
Project("{8BC9CEB8-8B4A-11D0-8D11-00A0C91BC942}") = "Lab5", "C200\Lab5\Lab5.vcxproj", "{DCEC7818-B6CC-4022-9209-0E61B52D8957}"
EndProject
Project("{8BC9CEB8-8B4A-11D0-8D11-00A0C91BC942}") = "Lab2", "C200\Lab2\Lab2.vcxproj", "{0C51EAEC-7F3F-472C-88F4-88A450CC3667}"
EndProject
Project("{8BC9CEB8-8B4A-11D0-8D11-00A0C91BC942}") = "Part2", "ExamSnake\Part2\Part2.vcxproj", "{58B6C593-CDDE-4F3A-9875-8AEB1C9ABE81}"
EndProject
Project("{8BC9CEB8-8B4A-11D0-8D11-00A0C91BC942}") = "Part3", "ExamSnake\Part3\Part3.vcxproj", "{F7A61D15-E4C8-43A8-9D85-D65121391E21}"
EndProject
Project("{8BC9CEB8-8B4A-11D0-8D11-00A0C91BC942}") = "Part4", "ExamSnake\Part4\Part4.vcxproj", "{DF99C425-9281-43BF-9A06-80F141C88ACA}"
EndProject
Project("{8BC9CEB8-8B4A-11D0-8D11-00A0C91BC942}") = "Part5", "ExamSnake\Part5\Part5.vcxproj", "{D4BFF6F8-9BB4-4A1A-816E-10C520BA5D67}"
EndProject
Project("{8BC9CEB8-8B4A-11D0-8D11-00A0C91BC942}") = "Part6", "ExamSnake\Part6\Part6.vcxproj", "{69245B1F-B97F-4C58-8B53-9DC2E796D114}"
EndProject
Project("{8BC9CEB8-8B4A-11D0-8D11-00A0C91BC942}") = "Part7", "ExamSnake\Part7\Part7.vcxproj", "{87757670-20AC-4062-9198-4B71137AF2C2}"
EndProject
Project("{8BC9CEB8-8B4A-11D0-8D11-00A0C91BC942}") = "Part8", "ExamSnake\Part8\Part8.vcxproj", "{557B2799-FE33-4875-8DB9-D4B83E31051A}"
EndProject
Project("{8BC9CEB8-8B4A-11D0-8D11-00A0C91BC942}") = "Part9", "ExamSnake\Part9\Part9.vcxproj", "{9124B341-96B5-4BA1-BBD4-E3AD604F6AC7}"
EndProject
Project("{8BC9CEB8-8B4A-11D0-8D11-00A0C91BC942}") = "Part10", "ExamSnake\Part10\Part10.vcxproj", "{6F02DD39-8DCD-47A7-A763-18AE9825C591}"
EndProject
Project("{8BC9CEB8-8B4A-11D0-8D11-00A0C91BC942}") = "Lab5v2", "C200\Lab5v2\Lab5v2.vcxproj", "{59FF4786-EDCC-4E1A-A371-5FAAC3F401BA}"
EndProject
Project("{2150E333-8FDC-42A3-9474-1A3956D46DE8}") = "C210", "C210", "{0FD1D37D-2828-4059-804D-8970B9F6CCB4}"
EndProject
Project("{8BC9CEB8-8B4A-11D0-8D11-00A0C91BC942}") = "Lab1", "C210\Lab1\Lab1.vcxproj", "{C90F9572-006C-4284-B831-38EAF873ACB7}"
EndProject
Project("{8BC9CEB8-8B4A-11D0-8D11-00A0C91BC942}") = "Lab2", "C210\Lab2\Lab2.vcxproj", "{759FFDBC-CD2B-44EC-8877-176DE6605C54}"
EndProject
Project("{8BC9CEB8-8B4A-11D0-8D11-00A0C91BC942}") = "Lab3", "C210\Lab3\Lab3.vcxproj", "{7099B4FA-CD70-4B19-98D0-5F2FC5326865}"
EndProject
Project("{8BC9CEB8-8B4A-11D0-8D11-00A0C91BC942}") = "Lab4", "C210\Lab4\Lab4.vcxproj", "{EC5D4727-2078-41E5-AC59-F532A00F388C}"
EndProject
Project("{8BC9CEB8-8B4A-11D0-8D11-00A0C91BC942}") = "Lab5", "C210\Lab5\Lab5.vcxproj", "{78E1B836-D15C-4316-BA91-BD9ABC0204AF}"
EndProject
Project("{2150E333-8FDC-42A3-9474-1A3956D46DE8}") = "C220", "C220", "{2D1AD5E0-FD26-48CF-ADE0-35D0F75477C9}"
EndProject
Project("{8BC9CEB8-8B4A-11D0-8D11-00A0C91BC942}") = "Lab1", "C220\Lab1\Lab1.vcxproj", "{EA62AB6F-8A0C-4F9A-B579-5A4386A7E850}"
EndProject
Project("{8BC9CEB8-8B4A-11D0-8D11-00A0C91BC942}") = "Lab2", "C220\Lab2\Lab2.vcxproj", "{DAC5A2C7-D334-4B0D-B5EB-272CD8BBE537}"
EndProject
Global
	GlobalSection(SolutionConfigurationPlatforms) = preSolution
		Debug|Any CPU = Debug|Any CPU
		Debug|x64 = Debug|x64
		Debug|x86 = Debug|x86
		Release|Any CPU = Release|Any CPU
		Release|x64 = Release|x64
		Release|x86 = Release|x86
	EndGlobalSection
	GlobalSection(ProjectConfigurationPlatforms) = postSolution
		{C6C94930-C551-44DB-AD5F-EB91AC76311A}.Debug|Any CPU.ActiveCfg = Debug|x64
		{C6C94930-C551-44DB-AD5F-EB91AC76311A}.Debug|Any CPU.Build.0 = Debug|x64
		{C6C94930-C551-44DB-AD5F-EB91AC76311A}.Debug|x64.ActiveCfg = Debug|x64
		{C6C94930-C551-44DB-AD5F-EB91AC76311A}.Debug|x64.Build.0 = Debug|x64
		{C6C94930-C551-44DB-AD5F-EB91AC76311A}.Debug|x86.ActiveCfg = Debug|Win32
		{C6C94930-C551-44DB-AD5F-EB91AC76311A}.Debug|x86.Build.0 = Debug|Win32
		{C6C94930-C551-44DB-AD5F-EB91AC76311A}.Release|Any CPU.ActiveCfg = Release|x64
		{C6C94930-C551-44DB-AD5F-EB91AC76311A}.Release|Any CPU.Build.0 = Release|x64
		{C6C94930-C551-44DB-AD5F-EB91AC76311A}.Release|x64.ActiveCfg = Release|x64
		{C6C94930-C551-44DB-AD5F-EB91AC76311A}.Release|x64.Build.0 = Release|x64
		{C6C94930-C551-44DB-AD5F-EB91AC76311A}.Release|x86.ActiveCfg = Release|Win32
		{C6C94930-C551-44DB-AD5F-EB91AC76311A}.Release|x86.Build.0 = Release|Win32
		{8231E42E-F014-4E70-A72D-735001736F22}.Debug|Any CPU.ActiveCfg = Debug|x64
		{8231E42E-F014-4E70-A72D-735001736F22}.Debug|Any CPU.Build.0 = Debug|x64
		{8231E42E-F014-4E70-A72D-735001736F22}.Debug|x64.ActiveCfg = Debug|x64
		{8231E42E-F014-4E70-A72D-735001736F22}.Debug|x64.Build.0 = Debug|x64
		{8231E42E-F014-4E70-A72D-735001736F22}.Debug|x86.ActiveCfg = Debug|Win32
		{8231E42E-F014-4E70-A72D-735001736F22}.Debug|x86.Build.0 = Debug|Win32
		{8231E42E-F014-4E70-A72D-735001736F22}.Release|Any CPU.ActiveCfg = Release|x64
		{8231E42E-F014-4E70-A72D-735001736F22}.Release|Any CPU.Build.0 = Release|x64
		{8231E42E-F014-4E70-A72D-735001736F22}.Release|x64.ActiveCfg = Release|x64
		{8231E42E-F014-4E70-A72D-735001736F22}.Release|x64.Build.0 = Release|x64
		{8231E42E-F014-4E70-A72D-735001736F22}.Release|x86.ActiveCfg = Release|Win32
		{8231E42E-F014-4E70-A72D-735001736F22}.Release|x86.Build.0 = Release|Win32
		{37D14E83-4126-4198-84C8-EEDC8C8478BC}.Debug|Any CPU.ActiveCfg = Debug|x64
		{37D14E83-4126-4198-84C8-EEDC8C8478BC}.Debug|Any CPU.Build.0 = Debug|x64
		{37D14E83-4126-4198-84C8-EEDC8C8478BC}.Debug|x64.ActiveCfg = Debug|x64
		{37D14E83-4126-4198-84C8-EEDC8C8478BC}.Debug|x64.Build.0 = Debug|x64
		{37D14E83-4126-4198-84C8-EEDC8C8478BC}.Debug|x86.ActiveCfg = Debug|Win32
		{37D14E83-4126-4198-84C8-EEDC8C8478BC}.Debug|x86.Build.0 = Debug|Win32
		{37D14E83-4126-4198-84C8-EEDC8C8478BC}.Release|Any CPU.ActiveCfg = Release|x64
		{37D14E83-4126-4198-84C8-EEDC8C8478BC}.Release|Any CPU.Build.0 = Release|x64
		{37D14E83-4126-4198-84C8-EEDC8C8478BC}.Release|x64.ActiveCfg = Release|x64
		{37D14E83-4126-4198-84C8-EEDC8C8478BC}.Release|x64.Build.0 = Release|x64
		{37D14E83-4126-4198-84C8-EEDC8C8478BC}.Release|x86.ActiveCfg = Release|Win32
		{37D14E83-4126-4198-84C8-EEDC8C8478BC}.Release|x86.Build.0 = Release|Win32
		{4AEE975E-85E2-467D-B770-4EBA95B5CBA7}.Debug|Any CPU.ActiveCfg = Debug|x64
		{4AEE975E-85E2-467D-B770-4EBA95B5CBA7}.Debug|Any CPU.Build.0 = Debug|x64
		{4AEE975E-85E2-467D-B770-4EBA95B5CBA7}.Debug|x64.ActiveCfg = Debug|x64
		{4AEE975E-85E2-467D-B770-4EBA95B5CBA7}.Debug|x64.Build.0 = Debug|x64
		{4AEE975E-85E2-467D-B770-4EBA95B5CBA7}.Debug|x86.ActiveCfg = Debug|Win32
		{4AEE975E-85E2-467D-B770-4EBA95B5CBA7}.Debug|x86.Build.0 = Debug|Win32
		{4AEE975E-85E2-467D-B770-4EBA95B5CBA7}.Release|Any CPU.ActiveCfg = Release|x64
		{4AEE975E-85E2-467D-B770-4EBA95B5CBA7}.Release|Any CPU.Build.0 = Release|x64
		{4AEE975E-85E2-467D-B770-4EBA95B5CBA7}.Release|x64.ActiveCfg = Release|x64
		{4AEE975E-85E2-467D-B770-4EBA95B5CBA7}.Release|x64.Build.0 = Release|x64
		{4AEE975E-85E2-467D-B770-4EBA95B5CBA7}.Release|x86.ActiveCfg = Release|Win32
		{4AEE975E-85E2-467D-B770-4EBA95B5CBA7}.Release|x86.Build.0 = Release|Win32
		{FC1007C6-C6A9-4E69-B12D-A7EF8D3D2FA7}.Debug|Any CPU.ActiveCfg = Debug|x64
		{FC1007C6-C6A9-4E69-B12D-A7EF8D3D2FA7}.Debug|Any CPU.Build.0 = Debug|x64
		{FC1007C6-C6A9-4E69-B12D-A7EF8D3D2FA7}.Debug|x64.ActiveCfg = Debug|x64
		{FC1007C6-C6A9-4E69-B12D-A7EF8D3D2FA7}.Debug|x64.Build.0 = Debug|x64
		{FC1007C6-C6A9-4E69-B12D-A7EF8D3D2FA7}.Debug|x86.ActiveCfg = Debug|Win32
		{FC1007C6-C6A9-4E69-B12D-A7EF8D3D2FA7}.Debug|x86.Build.0 = Debug|Win32
		{FC1007C6-C6A9-4E69-B12D-A7EF8D3D2FA7}.Release|Any CPU.ActiveCfg = Release|x64
		{FC1007C6-C6A9-4E69-B12D-A7EF8D3D2FA7}.Release|Any CPU.Build.0 = Release|x64
		{FC1007C6-C6A9-4E69-B12D-A7EF8D3D2FA7}.Release|x64.ActiveCfg = Release|x64
		{FC1007C6-C6A9-4E69-B12D-A7EF8D3D2FA7}.Release|x64.Build.0 = Release|x64
		{FC1007C6-C6A9-4E69-B12D-A7EF8D3D2FA7}.Release|x86.ActiveCfg = Release|Win32
		{FC1007C6-C6A9-4E69-B12D-A7EF8D3D2FA7}.Release|x86.Build.0 = Release|Win32
		{137447A2-D8A8-42F3-ABAE-FD7F9495BAA9}.Debug|Any CPU.ActiveCfg = Debug|x64
		{137447A2-D8A8-42F3-ABAE-FD7F9495BAA9}.Debug|Any CPU.Build.0 = Debug|x64
		{137447A2-D8A8-42F3-ABAE-FD7F9495BAA9}.Debug|x64.ActiveCfg = Debug|x64
		{137447A2-D8A8-42F3-ABAE-FD7F9495BAA9}.Debug|x64.Build.0 = Debug|x64
		{137447A2-D8A8-42F3-ABAE-FD7F9495BAA9}.Debug|x86.ActiveCfg = Debug|Win32
		{137447A2-D8A8-42F3-ABAE-FD7F9495BAA9}.Debug|x86.Build.0 = Debug|Win32
		{137447A2-D8A8-42F3-ABAE-FD7F9495BAA9}.Release|Any CPU.ActiveCfg = Release|x64
		{137447A2-D8A8-42F3-ABAE-FD7F9495BAA9}.Release|Any CPU.Build.0 = Release|x64
		{137447A2-D8A8-42F3-ABAE-FD7F9495BAA9}.Release|x64.ActiveCfg = Release|x64
		{137447A2-D8A8-42F3-ABAE-FD7F9495BAA9}.Release|x64.Build.0 = Release|x64
		{137447A2-D8A8-42F3-ABAE-FD7F9495BAA9}.Release|x86.ActiveCfg = Release|Win32
		{137447A2-D8A8-42F3-ABAE-FD7F9495BAA9}.Release|x86.Build.0 = Release|Win32
		{F9B1086E-94A8-417D-912C-0733D3C7AA28}.Debug|Any CPU.ActiveCfg = Debug|x64
		{F9B1086E-94A8-417D-912C-0733D3C7AA28}.Debug|Any CPU.Build.0 = Debug|x64
		{F9B1086E-94A8-417D-912C-0733D3C7AA28}.Debug|x64.ActiveCfg = Debug|x64
		{F9B1086E-94A8-417D-912C-0733D3C7AA28}.Debug|x64.Build.0 = Debug|x64
		{F9B1086E-94A8-417D-912C-0733D3C7AA28}.Debug|x86.ActiveCfg = Debug|Win32
		{F9B1086E-94A8-417D-912C-0733D3C7AA28}.Debug|x86.Build.0 = Debug|Win32
		{F9B1086E-94A8-417D-912C-0733D3C7AA28}.Release|Any CPU.ActiveCfg = Release|x64
		{F9B1086E-94A8-417D-912C-0733D3C7AA28}.Release|Any CPU.Build.0 = Release|x64
		{F9B1086E-94A8-417D-912C-0733D3C7AA28}.Release|x64.ActiveCfg = Release|x64
		{F9B1086E-94A8-417D-912C-0733D3C7AA28}.Release|x64.Build.0 = Release|x64
		{F9B1086E-94A8-417D-912C-0733D3C7AA28}.Release|x86.ActiveCfg = Release|Win32
		{F9B1086E-94A8-417D-912C-0733D3C7AA28}.Release|x86.Build.0 = Release|Win32
		{5B7B3464-B034-4D0F-AAF1-7073EEBA6C89}.Debug|Any CPU.ActiveCfg = Debug|x64
		{5B7B3464-B034-4D0F-AAF1-7073EEBA6C89}.Debug|Any CPU.Build.0 = Debug|x64
		{5B7B3464-B034-4D0F-AAF1-7073EEBA6C89}.Debug|x64.ActiveCfg = Debug|x64
		{5B7B3464-B034-4D0F-AAF1-7073EEBA6C89}.Debug|x64.Build.0 = Debug|x64
		{5B7B3464-B034-4D0F-AAF1-7073EEBA6C89}.Debug|x86.ActiveCfg = Debug|Win32
		{5B7B3464-B034-4D0F-AAF1-7073EEBA6C89}.Debug|x86.Build.0 = Debug|Win32
		{5B7B3464-B034-4D0F-AAF1-7073EEBA6C89}.Release|Any CPU.ActiveCfg = Release|x64
		{5B7B3464-B034-4D0F-AAF1-7073EEBA6C89}.Release|Any CPU.Build.0 = Release|x64
		{5B7B3464-B034-4D0F-AAF1-7073EEBA6C89}.Release|x64.ActiveCfg = Release|x64
		{5B7B3464-B034-4D0F-AAF1-7073EEBA6C89}.Release|x64.Build.0 = Release|x64
		{5B7B3464-B034-4D0F-AAF1-7073EEBA6C89}.Release|x86.ActiveCfg = Release|Win32
		{5B7B3464-B034-4D0F-AAF1-7073EEBA6C89}.Release|x86.Build.0 = Release|Win32
		{F56101A2-FF03-4863-842A-9CECC32A3448}.Debug|Any CPU.ActiveCfg = Debug|x64
		{F56101A2-FF03-4863-842A-9CECC32A3448}.Debug|Any CPU.Build.0 = Debug|x64
		{F56101A2-FF03-4863-842A-9CECC32A3448}.Debug|x64.ActiveCfg = Debug|x64
		{F56101A2-FF03-4863-842A-9CECC32A3448}.Debug|x64.Build.0 = Debug|x64
		{F56101A2-FF03-4863-842A-9CECC32A3448}.Debug|x86.ActiveCfg = Debug|Win32
		{F56101A2-FF03-4863-842A-9CECC32A3448}.Debug|x86.Build.0 = Debug|Win32
		{F56101A2-FF03-4863-842A-9CECC32A3448}.Release|Any CPU.ActiveCfg = Release|x64
		{F56101A2-FF03-4863-842A-9CECC32A3448}.Release|Any CPU.Build.0 = Release|x64
		{F56101A2-FF03-4863-842A-9CECC32A3448}.Release|x64.ActiveCfg = Release|x64
		{F56101A2-FF03-4863-842A-9CECC32A3448}.Release|x64.Build.0 = Release|x64
		{F56101A2-FF03-4863-842A-9CECC32A3448}.Release|x86.ActiveCfg = Release|Win32
		{F56101A2-FF03-4863-842A-9CECC32A3448}.Release|x86.Build.0 = Release|Win32
		{3BD87D9E-1032-4A76-8C58-F287C996DAB5}.Debug|Any CPU.ActiveCfg = Debug|x64
		{3BD87D9E-1032-4A76-8C58-F287C996DAB5}.Debug|Any CPU.Build.0 = Debug|x64
		{3BD87D9E-1032-4A76-8C58-F287C996DAB5}.Debug|x64.ActiveCfg = Debug|x64
		{3BD87D9E-1032-4A76-8C58-F287C996DAB5}.Debug|x64.Build.0 = Debug|x64
		{3BD87D9E-1032-4A76-8C58-F287C996DAB5}.Debug|x86.ActiveCfg = Debug|Win32
		{3BD87D9E-1032-4A76-8C58-F287C996DAB5}.Debug|x86.Build.0 = Debug|Win32
		{3BD87D9E-1032-4A76-8C58-F287C996DAB5}.Release|Any CPU.ActiveCfg = Release|x64
		{3BD87D9E-1032-4A76-8C58-F287C996DAB5}.Release|Any CPU.Build.0 = Release|x64
		{3BD87D9E-1032-4A76-8C58-F287C996DAB5}.Release|x64.ActiveCfg = Release|x64
		{3BD87D9E-1032-4A76-8C58-F287C996DAB5}.Release|x64.Build.0 = Release|x64
		{3BD87D9E-1032-4A76-8C58-F287C996DAB5}.Release|x86.ActiveCfg = Release|Win32
		{3BD87D9E-1032-4A76-8C58-F287C996DAB5}.Release|x86.Build.0 = Release|Win32
		{3B8C2621-BE72-4664-9F35-1D4668C16F1E}.Debug|Any CPU.ActiveCfg = Debug|x64
		{3B8C2621-BE72-4664-9F35-1D4668C16F1E}.Debug|Any CPU.Build.0 = Debug|x64
		{3B8C2621-BE72-4664-9F35-1D4668C16F1E}.Debug|x64.ActiveCfg = Debug|x64
		{3B8C2621-BE72-4664-9F35-1D4668C16F1E}.Debug|x64.Build.0 = Debug|x64
		{3B8C2621-BE72-4664-9F35-1D4668C16F1E}.Debug|x86.ActiveCfg = Debug|Win32
		{3B8C2621-BE72-4664-9F35-1D4668C16F1E}.Debug|x86.Build.0 = Debug|Win32
		{3B8C2621-BE72-4664-9F35-1D4668C16F1E}.Release|Any CPU.ActiveCfg = Release|x64
		{3B8C2621-BE72-4664-9F35-1D4668C16F1E}.Release|Any CPU.Build.0 = Release|x64
		{3B8C2621-BE72-4664-9F35-1D4668C16F1E}.Release|x64.ActiveCfg = Release|x64
		{3B8C2621-BE72-4664-9F35-1D4668C16F1E}.Release|x64.Build.0 = Release|x64
		{3B8C2621-BE72-4664-9F35-1D4668C16F1E}.Release|x86.ActiveCfg = Release|Win32
		{3B8C2621-BE72-4664-9F35-1D4668C16F1E}.Release|x86.Build.0 = Release|Win32
		{6AB652B8-A772-4CCE-9FB7-6386BD1AB9FF}.Debug|Any CPU.ActiveCfg = Debug|x64
		{6AB652B8-A772-4CCE-9FB7-6386BD1AB9FF}.Debug|Any CPU.Build.0 = Debug|x64
		{6AB652B8-A772-4CCE-9FB7-6386BD1AB9FF}.Debug|x64.ActiveCfg = Debug|x64
		{6AB652B8-A772-4CCE-9FB7-6386BD1AB9FF}.Debug|x64.Build.0 = Debug|x64
		{6AB652B8-A772-4CCE-9FB7-6386BD1AB9FF}.Debug|x86.ActiveCfg = Debug|Win32
		{6AB652B8-A772-4CCE-9FB7-6386BD1AB9FF}.Debug|x86.Build.0 = Debug|Win32
		{6AB652B8-A772-4CCE-9FB7-6386BD1AB9FF}.Release|Any CPU.ActiveCfg = Release|x64
		{6AB652B8-A772-4CCE-9FB7-6386BD1AB9FF}.Release|Any CPU.Build.0 = Release|x64
		{6AB652B8-A772-4CCE-9FB7-6386BD1AB9FF}.Release|x64.ActiveCfg = Release|x64
		{6AB652B8-A772-4CCE-9FB7-6386BD1AB9FF}.Release|x64.Build.0 = Release|x64
		{6AB652B8-A772-4CCE-9FB7-6386BD1AB9FF}.Release|x86.ActiveCfg = Release|Win32
		{6AB652B8-A772-4CCE-9FB7-6386BD1AB9FF}.Release|x86.Build.0 = Release|Win32
		{2E329699-3D83-4089-9CBC-93B36157FE1D}.Debug|Any CPU.ActiveCfg = Debug|x64
		{2E329699-3D83-4089-9CBC-93B36157FE1D}.Debug|Any CPU.Build.0 = Debug|x64
		{2E329699-3D83-4089-9CBC-93B36157FE1D}.Debug|x64.ActiveCfg = Debug|x64
		{2E329699-3D83-4089-9CBC-93B36157FE1D}.Debug|x64.Build.0 = Debug|x64
		{2E329699-3D83-4089-9CBC-93B36157FE1D}.Debug|x86.ActiveCfg = Debug|Win32
		{2E329699-3D83-4089-9CBC-93B36157FE1D}.Debug|x86.Build.0 = Debug|Win32
		{2E329699-3D83-4089-9CBC-93B36157FE1D}.Release|Any CPU.ActiveCfg = Release|x64
		{2E329699-3D83-4089-9CBC-93B36157FE1D}.Release|Any CPU.Build.0 = Release|x64
		{2E329699-3D83-4089-9CBC-93B36157FE1D}.Release|x64.ActiveCfg = Release|x64
		{2E329699-3D83-4089-9CBC-93B36157FE1D}.Release|x64.Build.0 = Release|x64
		{2E329699-3D83-4089-9CBC-93B36157FE1D}.Release|x86.ActiveCfg = Release|Win32
		{2E329699-3D83-4089-9CBC-93B36157FE1D}.Release|x86.Build.0 = Release|Win32
		{48F1A169-259B-4800-84CB-55F606FC1484}.Debug|Any CPU.ActiveCfg = Debug|x64
		{48F1A169-259B-4800-84CB-55F606FC1484}.Debug|Any CPU.Build.0 = Debug|x64
		{48F1A169-259B-4800-84CB-55F606FC1484}.Debug|x64.ActiveCfg = Debug|x64
		{48F1A169-259B-4800-84CB-55F606FC1484}.Debug|x64.Build.0 = Debug|x64
		{48F1A169-259B-4800-84CB-55F606FC1484}.Debug|x86.ActiveCfg = Debug|Win32
		{48F1A169-259B-4800-84CB-55F606FC1484}.Debug|x86.Build.0 = Debug|Win32
		{48F1A169-259B-4800-84CB-55F606FC1484}.Release|Any CPU.ActiveCfg = Release|x64
		{48F1A169-259B-4800-84CB-55F606FC1484}.Release|Any CPU.Build.0 = Release|x64
		{48F1A169-259B-4800-84CB-55F606FC1484}.Release|x64.ActiveCfg = Release|x64
		{48F1A169-259B-4800-84CB-55F606FC1484}.Release|x64.Build.0 = Release|x64
		{48F1A169-259B-4800-84CB-55F606FC1484}.Release|x86.ActiveCfg = Release|Win32
		{48F1A169-259B-4800-84CB-55F606FC1484}.Release|x86.Build.0 = Release|Win32
		{9AA98EE9-96EE-4AF5-82B3-C3D99CF9A202}.Debug|Any CPU.ActiveCfg = Debug|x64
		{9AA98EE9-96EE-4AF5-82B3-C3D99CF9A202}.Debug|Any CPU.Build.0 = Debug|x64
		{9AA98EE9-96EE-4AF5-82B3-C3D99CF9A202}.Debug|x64.ActiveCfg = Debug|x64
		{9AA98EE9-96EE-4AF5-82B3-C3D99CF9A202}.Debug|x64.Build.0 = Debug|x64
		{9AA98EE9-96EE-4AF5-82B3-C3D99CF9A202}.Debug|x86.ActiveCfg = Debug|Win32
		{9AA98EE9-96EE-4AF5-82B3-C3D99CF9A202}.Debug|x86.Build.0 = Debug|Win32
		{9AA98EE9-96EE-4AF5-82B3-C3D99CF9A202}.Release|Any CPU.ActiveCfg = Release|x64
		{9AA98EE9-96EE-4AF5-82B3-C3D99CF9A202}.Release|Any CPU.Build.0 = Release|x64
		{9AA98EE9-96EE-4AF5-82B3-C3D99CF9A202}.Release|x64.ActiveCfg = Release|x64
		{9AA98EE9-96EE-4AF5-82B3-C3D99CF9A202}.Release|x64.Build.0 = Release|x64
		{9AA98EE9-96EE-4AF5-82B3-C3D99CF9A202}.Release|x86.ActiveCfg = Release|Win32
		{9AA98EE9-96EE-4AF5-82B3-C3D99CF9A202}.Release|x86.Build.0 = Release|Win32
		{DCEC7818-B6CC-4022-9209-0E61B52D8957}.Debug|Any CPU.ActiveCfg = Debug|x64
		{DCEC7818-B6CC-4022-9209-0E61B52D8957}.Debug|Any CPU.Build.0 = Debug|x64
		{DCEC7818-B6CC-4022-9209-0E61B52D8957}.Debug|x64.ActiveCfg = Debug|x64
		{DCEC7818-B6CC-4022-9209-0E61B52D8957}.Debug|x64.Build.0 = Debug|x64
		{DCEC7818-B6CC-4022-9209-0E61B52D8957}.Debug|x86.ActiveCfg = Debug|Win32
		{DCEC7818-B6CC-4022-9209-0E61B52D8957}.Debug|x86.Build.0 = Debug|Win32
		{DCEC7818-B6CC-4022-9209-0E61B52D8957}.Release|Any CPU.ActiveCfg = Release|x64
		{DCEC7818-B6CC-4022-9209-0E61B52D8957}.Release|Any CPU.Build.0 = Release|x64
		{DCEC7818-B6CC-4022-9209-0E61B52D8957}.Release|x64.ActiveCfg = Release|x64
		{DCEC7818-B6CC-4022-9209-0E61B52D8957}.Release|x64.Build.0 = Release|x64
		{DCEC7818-B6CC-4022-9209-0E61B52D8957}.Release|x86.ActiveCfg = Release|Win32
		{DCEC7818-B6CC-4022-9209-0E61B52D8957}.Release|x86.Build.0 = Release|Win32
		{0C51EAEC-7F3F-472C-88F4-88A450CC3667}.Debug|Any CPU.ActiveCfg = Debug|x64
		{0C51EAEC-7F3F-472C-88F4-88A450CC3667}.Debug|Any CPU.Build.0 = Debug|x64
		{0C51EAEC-7F3F-472C-88F4-88A450CC3667}.Debug|x64.ActiveCfg = Debug|x64
		{0C51EAEC-7F3F-472C-88F4-88A450CC3667}.Debug|x64.Build.0 = Debug|x64
		{0C51EAEC-7F3F-472C-88F4-88A450CC3667}.Debug|x86.ActiveCfg = Debug|Win32
		{0C51EAEC-7F3F-472C-88F4-88A450CC3667}.Debug|x86.Build.0 = Debug|Win32
		{0C51EAEC-7F3F-472C-88F4-88A450CC3667}.Release|Any CPU.ActiveCfg = Release|x64
		{0C51EAEC-7F3F-472C-88F4-88A450CC3667}.Release|Any CPU.Build.0 = Release|x64
		{0C51EAEC-7F3F-472C-88F4-88A450CC3667}.Release|x64.ActiveCfg = Release|x64
		{0C51EAEC-7F3F-472C-88F4-88A450CC3667}.Release|x64.Build.0 = Release|x64
		{0C51EAEC-7F3F-472C-88F4-88A450CC3667}.Release|x86.ActiveCfg = Release|Win32
		{0C51EAEC-7F3F-472C-88F4-88A450CC3667}.Release|x86.Build.0 = Release|Win32
		{58B6C593-CDDE-4F3A-9875-8AEB1C9ABE81}.Debug|Any CPU.ActiveCfg = Debug|x64
		{58B6C593-CDDE-4F3A-9875-8AEB1C9ABE81}.Debug|Any CPU.Build.0 = Debug|x64
		{58B6C593-CDDE-4F3A-9875-8AEB1C9ABE81}.Debug|x64.ActiveCfg = Debug|x64
		{58B6C593-CDDE-4F3A-9875-8AEB1C9ABE81}.Debug|x64.Build.0 = Debug|x64
		{58B6C593-CDDE-4F3A-9875-8AEB1C9ABE81}.Debug|x86.ActiveCfg = Debug|Win32
		{58B6C593-CDDE-4F3A-9875-8AEB1C9ABE81}.Debug|x86.Build.0 = Debug|Win32
		{58B6C593-CDDE-4F3A-9875-8AEB1C9ABE81}.Release|Any CPU.ActiveCfg = Release|x64
		{58B6C593-CDDE-4F3A-9875-8AEB1C9ABE81}.Release|Any CPU.Build.0 = Release|x64
		{58B6C593-CDDE-4F3A-9875-8AEB1C9ABE81}.Release|x64.ActiveCfg = Release|x64
		{58B6C593-CDDE-4F3A-9875-8AEB1C9ABE81}.Release|x64.Build.0 = Release|x64
		{58B6C593-CDDE-4F3A-9875-8AEB1C9ABE81}.Release|x86.ActiveCfg = Release|Win32
		{58B6C593-CDDE-4F3A-9875-8AEB1C9ABE81}.Release|x86.Build.0 = Release|Win32
		{F7A61D15-E4C8-43A8-9D85-D65121391E21}.Debug|Any CPU.ActiveCfg = Debug|x64
		{F7A61D15-E4C8-43A8-9D85-D65121391E21}.Debug|Any CPU.Build.0 = Debug|x64
		{F7A61D15-E4C8-43A8-9D85-D65121391E21}.Debug|x64.ActiveCfg = Debug|x64
		{F7A61D15-E4C8-43A8-9D85-D65121391E21}.Debug|x64.Build.0 = Debug|x64
		{F7A61D15-E4C8-43A8-9D85-D65121391E21}.Debug|x86.ActiveCfg = Debug|Win32
		{F7A61D15-E4C8-43A8-9D85-D65121391E21}.Debug|x86.Build.0 = Debug|Win32
		{F7A61D15-E4C8-43A8-9D85-D65121391E21}.Release|Any CPU.ActiveCfg = Release|x64
		{F7A61D15-E4C8-43A8-9D85-D65121391E21}.Release|Any CPU.Build.0 = Release|x64
		{F7A61D15-E4C8-43A8-9D85-D65121391E21}.Release|x64.ActiveCfg = Release|x64
		{F7A61D15-E4C8-43A8-9D85-D65121391E21}.Release|x64.Build.0 = Release|x64
		{F7A61D15-E4C8-43A8-9D85-D65121391E21}.Release|x86.ActiveCfg = Release|Win32
		{F7A61D15-E4C8-43A8-9D85-D65121391E21}.Release|x86.Build.0 = Release|Win32
		{DF99C425-9281-43BF-9A06-80F141C88ACA}.Debug|Any CPU.ActiveCfg = Debug|x64
		{DF99C425-9281-43BF-9A06-80F141C88ACA}.Debug|Any CPU.Build.0 = Debug|x64
		{DF99C425-9281-43BF-9A06-80F141C88ACA}.Debug|x64.ActiveCfg = Debug|x64
		{DF99C425-9281-43BF-9A06-80F141C88ACA}.Debug|x64.Build.0 = Debug|x64
		{DF99C425-9281-43BF-9A06-80F141C88ACA}.Debug|x86.ActiveCfg = Debug|Win32
		{DF99C425-9281-43BF-9A06-80F141C88ACA}.Debug|x86.Build.0 = Debug|Win32
		{DF99C425-9281-43BF-9A06-80F141C88ACA}.Release|Any CPU.ActiveCfg = Release|x64
		{DF99C425-9281-43BF-9A06-80F141C88ACA}.Release|Any CPU.Build.0 = Release|x64
		{DF99C425-9281-43BF-9A06-80F141C88ACA}.Release|x64.ActiveCfg = Release|x64
		{DF99C425-9281-43BF-9A06-80F141C88ACA}.Release|x64.Build.0 = Release|x64
		{DF99C425-9281-43BF-9A06-80F141C88ACA}.Release|x86.ActiveCfg = Release|Win32
		{DF99C425-9281-43BF-9A06-80F141C88ACA}.Release|x86.Build.0 = Release|Win32
		{D4BFF6F8-9BB4-4A1A-816E-10C520BA5D67}.Debug|Any CPU.ActiveCfg = Debug|x64
		{D4BFF6F8-9BB4-4A1A-816E-10C520BA5D67}.Debug|Any CPU.Build.0 = Debug|x64
		{D4BFF6F8-9BB4-4A1A-816E-10C520BA5D67}.Debug|x64.ActiveCfg = Debug|x64
		{D4BFF6F8-9BB4-4A1A-816E-10C520BA5D67}.Debug|x64.Build.0 = Debug|x64
		{D4BFF6F8-9BB4-4A1A-816E-10C520BA5D67}.Debug|x86.ActiveCfg = Debug|Win32
		{D4BFF6F8-9BB4-4A1A-816E-10C520BA5D67}.Debug|x86.Build.0 = Debug|Win32
		{D4BFF6F8-9BB4-4A1A-816E-10C520BA5D67}.Release|Any CPU.ActiveCfg = Release|x64
		{D4BFF6F8-9BB4-4A1A-816E-10C520BA5D67}.Release|Any CPU.Build.0 = Release|x64
		{D4BFF6F8-9BB4-4A1A-816E-10C520BA5D67}.Release|x64.ActiveCfg = Release|x64
		{D4BFF6F8-9BB4-4A1A-816E-10C520BA5D67}.Release|x64.Build.0 = Release|x64
		{D4BFF6F8-9BB4-4A1A-816E-10C520BA5D67}.Release|x86.ActiveCfg = Release|Win32
		{D4BFF6F8-9BB4-4A1A-816E-10C520BA5D67}.Release|x86.Build.0 = Release|Win32
		{69245B1F-B97F-4C58-8B53-9DC2E796D114}.Debug|Any CPU.ActiveCfg = Debug|x64
		{69245B1F-B97F-4C58-8B53-9DC2E796D114}.Debug|Any CPU.Build.0 = Debug|x64
		{69245B1F-B97F-4C58-8B53-9DC2E796D114}.Debug|x64.ActiveCfg = Debug|x64
		{69245B1F-B97F-4C58-8B53-9DC2E796D114}.Debug|x64.Build.0 = Debug|x64
		{69245B1F-B97F-4C58-8B53-9DC2E796D114}.Debug|x86.ActiveCfg = Debug|Win32
		{69245B1F-B97F-4C58-8B53-9DC2E796D114}.Debug|x86.Build.0 = Debug|Win32
		{69245B1F-B97F-4C58-8B53-9DC2E796D114}.Release|Any CPU.ActiveCfg = Release|x64
		{69245B1F-B97F-4C58-8B53-9DC2E796D114}.Release|Any CPU.Build.0 = Release|x64
		{69245B1F-B97F-4C58-8B53-9DC2E796D114}.Release|x64.ActiveCfg = Release|x64
		{69245B1F-B97F-4C58-8B53-9DC2E796D114}.Release|x64.Build.0 = Release|x64
		{69245B1F-B97F-4C58-8B53-9DC2E796D114}.Release|x86.ActiveCfg = Release|Win32
		{69245B1F-B97F-4C58-8B53-9DC2E796D114}.Release|x86.Build.0 = Release|Win32
		{87757670-20AC-4062-9198-4B71137AF2C2}.Debug|Any CPU.ActiveCfg = Debug|x64
		{87757670-20AC-4062-9198-4B71137AF2C2}.Debug|Any CPU.Build.0 = Debug|x64
		{87757670-20AC-4062-9198-4B71137AF2C2}.Debug|x64.ActiveCfg = Debug|x64
		{87757670-20AC-4062-9198-4B71137AF2C2}.Debug|x64.Build.0 = Debug|x64
		{87757670-20AC-4062-9198-4B71137AF2C2}.Debug|x86.ActiveCfg = Debug|Win32
		{87757670-20AC-4062-9198-4B71137AF2C2}.Debug|x86.Build.0 = Debug|Win32
		{87757670-20AC-4062-9198-4B71137AF2C2}.Release|Any CPU.ActiveCfg = Release|x64
		{87757670-20AC-4062-9198-4B71137AF2C2}.Release|Any CPU.Build.0 = Release|x64
		{87757670-20AC-4062-9198-4B71137AF2C2}.Release|x64.ActiveCfg = Release|x64
		{87757670-20AC-4062-9198-4B71137AF2C2}.Release|x64.Build.0 = Release|x64
		{87757670-20AC-4062-9198-4B71137AF2C2}.Release|x86.ActiveCfg = Release|Win32
		{87757670-20AC-4062-9198-4B71137AF2C2}.Release|x86.Build.0 = Release|Win32
		{557B2799-FE33-4875-8DB9-D4B83E31051A}.Debug|Any CPU.ActiveCfg = Debug|x64
		{557B2799-FE33-4875-8DB9-D4B83E31051A}.Debug|Any CPU.Build.0 = Debug|x64
		{557B2799-FE33-4875-8DB9-D4B83E31051A}.Debug|x64.ActiveCfg = Debug|x64
		{557B2799-FE33-4875-8DB9-D4B83E31051A}.Debug|x64.Build.0 = Debug|x64
		{557B2799-FE33-4875-8DB9-D4B83E31051A}.Debug|x86.ActiveCfg = Debug|Win32
		{557B2799-FE33-4875-8DB9-D4B83E31051A}.Debug|x86.Build.0 = Debug|Win32
		{557B2799-FE33-4875-8DB9-D4B83E31051A}.Release|Any CPU.ActiveCfg = Release|x64
		{557B2799-FE33-4875-8DB9-D4B83E31051A}.Release|Any CPU.Build.0 = Release|x64
		{557B2799-FE33-4875-8DB9-D4B83E31051A}.Release|x64.ActiveCfg = Release|x64
		{557B2799-FE33-4875-8DB9-D4B83E31051A}.Release|x64.Build.0 = Release|x64
		{557B2799-FE33-4875-8DB9-D4B83E31051A}.Release|x86.ActiveCfg = Release|Win32
		{557B2799-FE33-4875-8DB9-D4B83E31051A}.Release|x86.Build.0 = Release|Win32
		{9124B341-96B5-4BA1-BBD4-E3AD604F6AC7}.Debug|Any CPU.ActiveCfg = Debug|x64
		{9124B341-96B5-4BA1-BBD4-E3AD604F6AC7}.Debug|Any CPU.Build.0 = Debug|x64
		{9124B341-96B5-4BA1-BBD4-E3AD604F6AC7}.Debug|x64.ActiveCfg = Debug|x64
		{9124B341-96B5-4BA1-BBD4-E3AD604F6AC7}.Debug|x64.Build.0 = Debug|x64
		{9124B341-96B5-4BA1-BBD4-E3AD604F6AC7}.Debug|x86.ActiveCfg = Debug|Win32
		{9124B341-96B5-4BA1-BBD4-E3AD604F6AC7}.Debug|x86.Build.0 = Debug|Win32
		{9124B341-96B5-4BA1-BBD4-E3AD604F6AC7}.Release|Any CPU.ActiveCfg = Release|x64
		{9124B341-96B5-4BA1-BBD4-E3AD604F6AC7}.Release|Any CPU.Build.0 = Release|x64
		{9124B341-96B5-4BA1-BBD4-E3AD604F6AC7}.Release|x64.ActiveCfg = Release|x64
		{9124B341-96B5-4BA1-BBD4-E3AD604F6AC7}.Release|x64.Build.0 = Release|x64
		{9124B341-96B5-4BA1-BBD4-E3AD604F6AC7}.Release|x86.ActiveCfg = Release|Win32
		{9124B341-96B5-4BA1-BBD4-E3AD604F6AC7}.Release|x86.Build.0 = Release|Win32
		{6F02DD39-8DCD-47A7-A763-18AE9825C591}.Debug|Any CPU.ActiveCfg = Debug|x64
		{6F02DD39-8DCD-47A7-A763-18AE9825C591}.Debug|Any CPU.Build.0 = Debug|x64
		{6F02DD39-8DCD-47A7-A763-18AE9825C591}.Debug|x64.ActiveCfg = Debug|x64
		{6F02DD39-8DCD-47A7-A763-18AE9825C591}.Debug|x64.Build.0 = Debug|x64
		{6F02DD39-8DCD-47A7-A763-18AE9825C591}.Debug|x86.ActiveCfg = Debug|Win32
		{6F02DD39-8DCD-47A7-A763-18AE9825C591}.Debug|x86.Build.0 = Debug|Win32
		{6F02DD39-8DCD-47A7-A763-18AE9825C591}.Release|Any CPU.ActiveCfg = Release|x64
		{6F02DD39-8DCD-47A7-A763-18AE9825C591}.Release|Any CPU.Build.0 = Release|x64
		{6F02DD39-8DCD-47A7-A763-18AE9825C591}.Release|x64.ActiveCfg = Release|x64
		{6F02DD39-8DCD-47A7-A763-18AE9825C591}.Release|x64.Build.0 = Release|x64
		{6F02DD39-8DCD-47A7-A763-18AE9825C591}.Release|x86.ActiveCfg = Release|Win32
		{6F02DD39-8DCD-47A7-A763-18AE9825C591}.Release|x86.Build.0 = Release|Win32
		{59FF4786-EDCC-4E1A-A371-5FAAC3F401BA}.Debug|Any CPU.ActiveCfg = Debug|x64
		{59FF4786-EDCC-4E1A-A371-5FAAC3F401BA}.Debug|Any CPU.Build.0 = Debug|x64
		{59FF4786-EDCC-4E1A-A371-5FAAC3F401BA}.Debug|x64.ActiveCfg = Debug|x64
		{59FF4786-EDCC-4E1A-A371-5FAAC3F401BA}.Debug|x64.Build.0 = Debug|x64
		{59FF4786-EDCC-4E1A-A371-5FAAC3F401BA}.Debug|x86.ActiveCfg = Debug|Win32
		{59FF4786-EDCC-4E1A-A371-5FAAC3F401BA}.Debug|x86.Build.0 = Debug|Win32
		{59FF4786-EDCC-4E1A-A371-5FAAC3F401BA}.Release|Any CPU.ActiveCfg = Release|x64
		{59FF4786-EDCC-4E1A-A371-5FAAC3F401BA}.Release|Any CPU.Build.0 = Release|x64
		{59FF4786-EDCC-4E1A-A371-5FAAC3F401BA}.Release|x64.ActiveCfg = Release|x64
		{59FF4786-EDCC-4E1A-A371-5FAAC3F401BA}.Release|x64.Build.0 = Release|x64
		{59FF4786-EDCC-4E1A-A371-5FAAC3F401BA}.Release|x86.ActiveCfg = Release|Win32
		{59FF4786-EDCC-4E1A-A371-5FAAC3F401BA}.Release|x86.Build.0 = Release|Win32
		{C90F9572-006C-4284-B831-38EAF873ACB7}.Debug|Any CPU.ActiveCfg = Debug|x64
		{C90F9572-006C-4284-B831-38EAF873ACB7}.Debug|Any CPU.Build.0 = Debug|x64
		{C90F9572-006C-4284-B831-38EAF873ACB7}.Debug|x64.ActiveCfg = Debug|x64
		{C90F9572-006C-4284-B831-38EAF873ACB7}.Debug|x64.Build.0 = Debug|x64
		{C90F9572-006C-4284-B831-38EAF873ACB7}.Debug|x86.ActiveCfg = Debug|Win32
		{C90F9572-006C-4284-B831-38EAF873ACB7}.Debug|x86.Build.0 = Debug|Win32
		{C90F9572-006C-4284-B831-38EAF873ACB7}.Release|Any CPU.ActiveCfg = Release|x64
		{C90F9572-006C-4284-B831-38EAF873ACB7}.Release|Any CPU.Build.0 = Release|x64
		{C90F9572-006C-4284-B831-38EAF873ACB7}.Release|x64.ActiveCfg = Release|x64
		{C90F9572-006C-4284-B831-38EAF873ACB7}.Release|x64.Build.0 = Release|x64
		{C90F9572-006C-4284-B831-38EAF873ACB7}.Release|x86.ActiveCfg = Release|Win32
		{C90F9572-006C-4284-B831-38EAF873ACB7}.Release|x86.Build.0 = Release|Win32
		{759FFDBC-CD2B-44EC-8877-176DE6605C54}.Debug|Any CPU.ActiveCfg = Debug|x64
		{759FFDBC-CD2B-44EC-8877-176DE6605C54}.Debug|Any CPU.Build.0 = Debug|x64
		{759FFDBC-CD2B-44EC-8877-176DE6605C54}.Debug|x64.ActiveCfg = Debug|x64
		{759FFDBC-CD2B-44EC-8877-176DE6605C54}.Debug|x64.Build.0 = Debug|x64
		{759FFDBC-CD2B-44EC-8877-176DE6605C54}.Debug|x86.ActiveCfg = Debug|Win32
		{759FFDBC-CD2B-44EC-8877-176DE6605C54}.Debug|x86.Build.0 = Debug|Win32
		{759FFDBC-CD2B-44EC-8877-176DE6605C54}.Release|Any CPU.ActiveCfg = Release|x64
		{759FFDBC-CD2B-44EC-8877-176DE6605C54}.Release|Any CPU.Build.0 = Release|x64
		{759FFDBC-CD2B-44EC-8877-176DE6605C54}.Release|x64.ActiveCfg = Release|x64
		{759FFDBC-CD2B-44EC-8877-176DE6605C54}.Release|x64.Build.0 = Release|x64
		{759FFDBC-CD2B-44EC-8877-176DE6605C54}.Release|x86.ActiveCfg = Release|Win32
		{759FFDBC-CD2B-44EC-8877-176DE6605C54}.Release|x86.Build.0 = Release|Win32
		{7099B4FA-CD70-4B19-98D0-5F2FC5326865}.Debug|Any CPU.ActiveCfg = Debug|x64
		{7099B4FA-CD70-4B19-98D0-5F2FC5326865}.Debug|Any CPU.Build.0 = Debug|x64
		{7099B4FA-CD70-4B19-98D0-5F2FC5326865}.Debug|x64.ActiveCfg = Debug|x64
		{7099B4FA-CD70-4B19-98D0-5F2FC5326865}.Debug|x64.Build.0 = Debug|x64
		{7099B4FA-CD70-4B19-98D0-5F2FC5326865}.Debug|x86.ActiveCfg = Debug|Win32
		{7099B4FA-CD70-4B19-98D0-5F2FC5326865}.Debug|x86.Build.0 = Debug|Win32
		{7099B4FA-CD70-4B19-98D0-5F2FC5326865}.Release|Any CPU.ActiveCfg = Release|x64
		{7099B4FA-CD70-4B19-98D0-5F2FC5326865}.Release|Any CPU.Build.0 = Release|x64
		{7099B4FA-CD70-4B19-98D0-5F2FC5326865}.Release|x64.ActiveCfg = Release|x64
		{7099B4FA-CD70-4B19-98D0-5F2FC5326865}.Release|x64.Build.0 = Release|x64
		{7099B4FA-CD70-4B19-98D0-5F2FC5326865}.Release|x86.ActiveCfg = Release|Win32
		{7099B4FA-CD70-4B19-98D0-5F2FC5326865}.Release|x86.Build.0 = Release|Win32
		{EC5D4727-2078-41E5-AC59-F532A00F388C}.Debug|Any CPU.ActiveCfg = Debug|x64
		{EC5D4727-2078-41E5-AC59-F532A00F388C}.Debug|Any CPU.Build.0 = Debug|x64
		{EC5D4727-2078-41E5-AC59-F532A00F388C}.Debug|x64.ActiveCfg = Debug|x64
		{EC5D4727-2078-41E5-AC59-F532A00F388C}.Debug|x64.Build.0 = Debug|x64
		{EC5D4727-2078-41E5-AC59-F532A00F388C}.Debug|x86.ActiveCfg = Debug|Win32
		{EC5D4727-2078-41E5-AC59-F532A00F388C}.Debug|x86.Build.0 = Debug|Win32
		{EC5D4727-2078-41E5-AC59-F532A00F388C}.Release|Any CPU.ActiveCfg = Release|x64
		{EC5D4727-2078-41E5-AC59-F532A00F388C}.Release|Any CPU.Build.0 = Release|x64
		{EC5D4727-2078-41E5-AC59-F532A00F388C}.Release|x64.ActiveCfg = Release|x64
		{EC5D4727-2078-41E5-AC59-F532A00F388C}.Release|x64.Build.0 = Release|x64
		{EC5D4727-2078-41E5-AC59-F532A00F388C}.Release|x86.ActiveCfg = Release|Win32
		{EC5D4727-2078-41E5-AC59-F532A00F388C}.Release|x86.Build.0 = Release|Win32
		{78E1B836-D15C-4316-BA91-BD9ABC0204AF}.Debug|Any CPU.ActiveCfg = Debug|x64
		{78E1B836-D15C-4316-BA91-BD9ABC0204AF}.Debug|Any CPU.Build.0 = Debug|x64
		{78E1B836-D15C-4316-BA91-BD9ABC0204AF}.Debug|x64.ActiveCfg = Debug|x64
		{78E1B836-D15C-4316-BA91-BD9ABC0204AF}.Debug|x64.Build.0 = Debug|x64
		{78E1B836-D15C-4316-BA91-BD9ABC0204AF}.Debug|x86.ActiveCfg = Debug|Win32
		{78E1B836-D15C-4316-BA91-BD9ABC0204AF}.Debug|x86.Build.0 = Debug|Win32
		{78E1B836-D15C-4316-BA91-BD9ABC0204AF}.Release|Any CPU.ActiveCfg = Release|x64
		{78E1B836-D15C-4316-BA91-BD9ABC0204AF}.Release|Any CPU.Build.0 = Release|x64
		{78E1B836-D15C-4316-BA91-BD9ABC0204AF}.Release|x64.ActiveCfg = Release|x64
		{78E1B836-D15C-4316-BA91-BD9ABC0204AF}.Release|x64.Build.0 = Release|x64
		{78E1B836-D15C-4316-BA91-BD9ABC0204AF}.Release|x86.ActiveCfg = Release|Win32
		{78E1B836-D15C-4316-BA91-BD9ABC0204AF}.Release|x86.Build.0 = Release|Win32
		{EA62AB6F-8A0C-4F9A-B579-5A4386A7E850}.Debug|Any CPU.ActiveCfg = Debug|x64
		{EA62AB6F-8A0C-4F9A-B579-5A4386A7E850}.Debug|Any CPU.Build.0 = Debug|x64
		{EA62AB6F-8A0C-4F9A-B579-5A4386A7E850}.Debug|x64.ActiveCfg = Debug|x64
		{EA62AB6F-8A0C-4F9A-B579-5A4386A7E850}.Debug|x64.Build.0 = Debug|x64
		{EA62AB6F-8A0C-4F9A-B579-5A4386A7E850}.Debug|x86.ActiveCfg = Debug|Win32
		{EA62AB6F-8A0C-4F9A-B579-5A4386A7E850}.Debug|x86.Build.0 = Debug|Win32
		{EA62AB6F-8A0C-4F9A-B579-5A4386A7E850}.Release|Any CPU.ActiveCfg = Release|x64
		{EA62AB6F-8A0C-4F9A-B579-5A4386A7E850}.Release|Any CPU.Build.0 = Release|x64
		{EA62AB6F-8A0C-4F9A-B579-5A4386A7E850}.Release|x64.ActiveCfg = Release|x64
		{EA62AB6F-8A0C-4F9A-B579-5A4386A7E850}.Release|x64.Build.0 = Release|x64
		{EA62AB6F-8A0C-4F9A-B579-5A4386A7E850}.Release|x86.ActiveCfg = Release|Win32
		{EA62AB6F-8A0C-4F9A-B579-5A4386A7E850}.Release|x86.Build.0 = Release|Win32
		{DAC5A2C7-D334-4B0D-B5EB-272CD8BBE537}.Debug|Any CPU.ActiveCfg = Debug|x64
		{DAC5A2C7-D334-4B0D-B5EB-272CD8BBE537}.Debug|Any CPU.Build.0 = Debug|x64
		{DAC5A2C7-D334-4B0D-B5EB-272CD8BBE537}.Debug|x64.ActiveCfg = Debug|x64
		{DAC5A2C7-D334-4B0D-B5EB-272CD8BBE537}.Debug|x64.Build.0 = Debug|x64
		{DAC5A2C7-D334-4B0D-B5EB-272CD8BBE537}.Debug|x86.ActiveCfg = Debug|Win32
		{DAC5A2C7-D334-4B0D-B5EB-272CD8BBE537}.Debug|x86.Build.0 = Debug|Win32
		{DAC5A2C7-D334-4B0D-B5EB-272CD8BBE537}.Release|Any CPU.ActiveCfg = Release|x64
		{DAC5A2C7-D334-4B0D-B5EB-272CD8BBE537}.Release|Any CPU.Build.0 = Release|x64
		{DAC5A2C7-D334-4B0D-B5EB-272CD8BBE537}.Release|x64.ActiveCfg = Release|x64
		{DAC5A2C7-D334-4B0D-B5EB-272CD8BBE537}.Release|x64.Build.0 = Release|x64
		{DAC5A2C7-D334-4B0D-B5EB-272CD8BBE537}.Release|x86.ActiveCfg = Release|Win32
		{DAC5A2C7-D334-4B0D-B5EB-272CD8BBE537}.Release|x86.Build.0 = Release|Win32
	EndGlobalSection
	GlobalSection(SolutionProperties) = preSolution
		HideSolutionNode = FALSE
	EndGlobalSection
	GlobalSection(NestedProjects) = preSolution
		{8231E42E-F014-4E70-A72D-735001736F22} = {BA29EA6C-755D-4F40-9206-22865DEC7332}
		{37D14E83-4126-4198-84C8-EEDC8C8478BC} = {BA29EA6C-755D-4F40-9206-22865DEC7332}
		{4AEE975E-85E2-467D-B770-4EBA95B5CBA7} = {BA29EA6C-755D-4F40-9206-22865DEC7332}
		{FC1007C6-C6A9-4E69-B12D-A7EF8D3D2FA7} = {BA29EA6C-755D-4F40-9206-22865DEC7332}
		{137447A2-D8A8-42F3-ABAE-FD7F9495BAA9} = {BA29EA6C-755D-4F40-9206-22865DEC7332}
		{F9B1086E-94A8-417D-912C-0733D3C7AA28} = {2D573AC3-9A2B-4F71-814B-445455607C6E}
		{5B7B3464-B034-4D0F-AAF1-7073EEBA6C89} = {2D573AC3-9A2B-4F71-814B-445455607C6E}
		{F56101A2-FF03-4863-842A-9CECC32A3448} = {2D573AC3-9A2B-4F71-814B-445455607C6E}
		{3BD87D9E-1032-4A76-8C58-F287C996DAB5} = {2D573AC3-9A2B-4F71-814B-445455607C6E}
		{3B8C2621-BE72-4664-9F35-1D4668C16F1E} = {23344AB9-BCF4-463F-85FE-6E835E6812F4}
		{6AB652B8-A772-4CCE-9FB7-6386BD1AB9FF} = {622A88EE-F83E-4E31-8697-8599D6523C4D}
		{2E329699-3D83-4089-9CBC-93B36157FE1D} = {622A88EE-F83E-4E31-8697-8599D6523C4D}
		{48F1A169-259B-4800-84CB-55F606FC1484} = {622A88EE-F83E-4E31-8697-8599D6523C4D}
		{9AA98EE9-96EE-4AF5-82B3-C3D99CF9A202} = {622A88EE-F83E-4E31-8697-8599D6523C4D}
		{DCEC7818-B6CC-4022-9209-0E61B52D8957} = {622A88EE-F83E-4E31-8697-8599D6523C4D}
		{0C51EAEC-7F3F-472C-88F4-88A450CC3667} = {622A88EE-F83E-4E31-8697-8599D6523C4D}
		{58B6C593-CDDE-4F3A-9875-8AEB1C9ABE81} = {23344AB9-BCF4-463F-85FE-6E835E6812F4}
		{F7A61D15-E4C8-43A8-9D85-D65121391E21} = {23344AB9-BCF4-463F-85FE-6E835E6812F4}
		{DF99C425-9281-43BF-9A06-80F141C88ACA} = {23344AB9-BCF4-463F-85FE-6E835E6812F4}
		{D4BFF6F8-9BB4-4A1A-816E-10C520BA5D67} = {23344AB9-BCF4-463F-85FE-6E835E6812F4}
		{69245B1F-B97F-4C58-8B53-9DC2E796D114} = {23344AB9-BCF4-463F-85FE-6E835E6812F4}
		{87757670-20AC-4062-9198-4B71137AF2C2} = {23344AB9-BCF4-463F-85FE-6E835E6812F4}
		{557B2799-FE33-4875-8DB9-D4B83E31051A} = {23344AB9-BCF4-463F-85FE-6E835E6812F4}
		{9124B341-96B5-4BA1-BBD4-E3AD604F6AC7} = {23344AB9-BCF4-463F-85FE-6E835E6812F4}
		{6F02DD39-8DCD-47A7-A763-18AE9825C591} = {23344AB9-BCF4-463F-85FE-6E835E6812F4}
		{59FF4786-EDCC-4E1A-A371-5FAAC3F401BA} = {622A88EE-F83E-4E31-8697-8599D6523C4D}
		{C90F9572-006C-4284-B831-38EAF873ACB7} = {0FD1D37D-2828-4059-804D-8970B9F6CCB4}
		{759FFDBC-CD2B-44EC-8877-176DE6605C54} = {0FD1D37D-2828-4059-804D-8970B9F6CCB4}
		{7099B4FA-CD70-4B19-98D0-5F2FC5326865} = {0FD1D37D-2828-4059-804D-8970B9F6CCB4}
		{EC5D4727-2078-41E5-AC59-F532A00F388C} = {0FD1D37D-2828-4059-804D-8970B9F6CCB4}
		{78E1B836-D15C-4316-BA91-BD9ABC0204AF} = {0FD1D37D-2828-4059-804D-8970B9F6CCB4}
		{EA62AB6F-8A0C-4F9A-B579-5A4386A7E850} = {2D1AD5E0-FD26-48CF-ADE0-35D0F75477C9}
		{DAC5A2C7-D334-4B0D-B5EB-272CD8BBE537} = {2D1AD5E0-FD26-48CF-ADE0-35D0F75477C9}
	EndGlobalSection
	GlobalSection(ExtensibilityGlobals) = postSolution
		SolutionGuid = {63342EA3-DEFC-4D53-A45C-F2B4496CDC89}
	EndGlobalSection
EndGlobal
