
Microsoft Visual Studio Solution File, Format Version 12.00
# Visual Studio Version 17
VisualStudioVersion = 17.7.34202.233
MinimumVisualStudioVersion = 10.0.40219.1
Project("{8BC9CEB8-8B4A-11D0-8D11-00A0C91BC942}") = "Course", "Course\Course.vcxproj", "{C6C94930-C551-44DB-AD5F-EB91AC76311A}"
EndProject
Project("{2150E333-8FDC-42A3-9474-1A3956D46DE8}") = "C100", "C100", "{BA29EA6C-755D-4F40-9206-22865DEC7332}"
EndProject
Project("{8BC9CEB8-8B4A-11D0-8D11-00A0C91BC942}") = "Lab1", "C100\Lab1\Lab1.vcxproj", "{8231E42E-F014-4E70-A72D-735001736F22}"
EndProject
Project("{8BC9CEB8-8B4A-11D0-8D11-00A0C91BC942}") = "Lab2", "C100\Lab2\Lab2.vcxproj", "{37D14E83-4126-4198-84C8-EEDC8C8478BC}"
EndProject
Project("{8BC9CEB8-8B4A-11D0-8D11-00A0C91BC942}") = "Lab3", "C100\Lab3\Lab3.vcxproj", "{4AEE975E-85E2-467D-B770-4EBA95B5CBA7}"
EndProject
Project("{8BC9CEB8-8B4A-11D0-8D11-00A0C91BC942}") = "Lab4", "C100\Lab4\Lab4.vcxproj", "{FC1007C6-C6A9-4E69-B12D-A7EF8D3D2FA7}"
EndProject
Project("{8BC9CEB8-8B4A-11D0-8D11-00A0C91BC942}") = "Lab5", "C100\Lab5\Lab5.vcxproj", "{137447A2-D8A8-42F3-ABAE-FD7F9495BAA9}"
EndProject
Project("{2150E333-8FDC-42A3-9474-1A3956D46DE8}") = "С110", "С110", "{2D573AC3-9A2B-4F71-814B-445455607C6E}"
EndProject
Project("{8BC9CEB8-8B4A-11D0-8D11-00A0C91BC942}") = "Lab1", "C110\Lab1\Lab1.vcxproj", "{F9B1086E-94A8-417D-912C-0733D3C7AA28}"
EndProject
Project("{8BC9CEB8-8B4A-11D0-8D11-00A0C91BC942}") = "Lab2", "C110\Lab2\Lab2.vcxproj", "{5B7B3464-B034-4D0F-AAF1-7073EEBA6C89}"
EndProject
Global
	GlobalSection(SolutionConfigurationPlatforms) = preSolution
		Debug|x64 = Debug|x64
		Debug|x86 = Debug|x86
		Release|x64 = Release|x64
		Release|x86 = Release|x86
	EndGlobalSection
	GlobalSection(ProjectConfigurationPlatforms) = postSolution
		{C6C94930-C551-44DB-AD5F-EB91AC76311A}.Debug|x64.ActiveCfg = Debug|x64
		{C6C94930-C551-44DB-AD5F-EB91AC76311A}.Debug|x64.Build.0 = Debug|x64
		{C6C94930-C551-44DB-AD5F-EB91AC76311A}.Debug|x86.ActiveCfg = Debug|Win32
		{C6C94930-C551-44DB-AD5F-EB91AC76311A}.Debug|x86.Build.0 = Debug|Win32
		{C6C94930-C551-44DB-AD5F-EB91AC76311A}.Release|x64.ActiveCfg = Release|x64
		{C6C94930-C551-44DB-AD5F-EB91AC76311A}.Release|x64.Build.0 = Release|x64
		{C6C94930-C551-44DB-AD5F-EB91AC76311A}.Release|x86.ActiveCfg = Release|Win32
		{C6C94930-C551-44DB-AD5F-EB91AC76311A}.Release|x86.Build.0 = Release|Win32
		{8231E42E-F014-4E70-A72D-735001736F22}.Debug|x64.ActiveCfg = Debug|x64
		{8231E42E-F014-4E70-A72D-735001736F22}.Debug|x64.Build.0 = Debug|x64
		{8231E42E-F014-4E70-A72D-735001736F22}.Debug|x86.ActiveCfg = Debug|Win32
		{8231E42E-F014-4E70-A72D-735001736F22}.Debug|x86.Build.0 = Debug|Win32
		{8231E42E-F014-4E70-A72D-735001736F22}.Release|x64.ActiveCfg = Release|x64
		{8231E42E-F014-4E70-A72D-735001736F22}.Release|x64.Build.0 = Release|x64
		{8231E42E-F014-4E70-A72D-735001736F22}.Release|x86.ActiveCfg = Release|Win32
		{8231E42E-F014-4E70-A72D-735001736F22}.Release|x86.Build.0 = Release|Win32
		{37D14E83-4126-4198-84C8-EEDC8C8478BC}.Debug|x64.ActiveCfg = Debug|x64
		{37D14E83-4126-4198-84C8-EEDC8C8478BC}.Debug|x64.Build.0 = Debug|x64
		{37D14E83-4126-4198-84C8-EEDC8C8478BC}.Debug|x86.ActiveCfg = Debug|Win32
		{37D14E83-4126-4198-84C8-EEDC8C8478BC}.Debug|x86.Build.0 = Debug|Win32
		{37D14E83-4126-4198-84C8-EEDC8C8478BC}.Release|x64.ActiveCfg = Release|x64
		{37D14E83-4126-4198-84C8-EEDC8C8478BC}.Release|x64.Build.0 = Release|x64
		{37D14E83-4126-4198-84C8-EEDC8C8478BC}.Release|x86.ActiveCfg = Release|Win32
		{37D14E83-4126-4198-84C8-EEDC8C8478BC}.Release|x86.Build.0 = Release|Win32
		{4AEE975E-85E2-467D-B770-4EBA95B5CBA7}.Debug|x64.ActiveCfg = Debug|x64
		{4AEE975E-85E2-467D-B770-4EBA95B5CBA7}.Debug|x64.Build.0 = Debug|x64
		{4AEE975E-85E2-467D-B770-4EBA95B5CBA7}.Debug|x86.ActiveCfg = Debug|Win32
		{4AEE975E-85E2-467D-B770-4EBA95B5CBA7}.Debug|x86.Build.0 = Debug|Win32
		{4AEE975E-85E2-467D-B770-4EBA95B5CBA7}.Release|x64.ActiveCfg = Release|x64
		{4AEE975E-85E2-467D-B770-4EBA95B5CBA7}.Release|x64.Build.0 = Release|x64
		{4AEE975E-85E2-467D-B770-4EBA95B5CBA7}.Release|x86.ActiveCfg = Release|Win32
		{4AEE975E-85E2-467D-B770-4EBA95B5CBA7}.Release|x86.Build.0 = Release|Win32
		{FC1007C6-C6A9-4E69-B12D-A7EF8D3D2FA7}.Debug|x64.ActiveCfg = Debug|x64
		{FC1007C6-C6A9-4E69-B12D-A7EF8D3D2FA7}.Debug|x64.Build.0 = Debug|x64
		{FC1007C6-C6A9-4E69-B12D-A7EF8D3D2FA7}.Debug|x86.ActiveCfg = Debug|Win32
		{FC1007C6-C6A9-4E69-B12D-A7EF8D3D2FA7}.Debug|x86.Build.0 = Debug|Win32
		{FC1007C6-C6A9-4E69-B12D-A7EF8D3D2FA7}.Release|x64.ActiveCfg = Release|x64
		{FC1007C6-C6A9-4E69-B12D-A7EF8D3D2FA7}.Release|x64.Build.0 = Release|x64
		{FC1007C6-C6A9-4E69-B12D-A7EF8D3D2FA7}.Release|x86.ActiveCfg = Release|Win32
		{FC1007C6-C6A9-4E69-B12D-A7EF8D3D2FA7}.Release|x86.Build.0 = Release|Win32
		{137447A2-D8A8-42F3-ABAE-FD7F9495BAA9}.Debug|x64.ActiveCfg = Debug|x64
		{137447A2-D8A8-42F3-ABAE-FD7F9495BAA9}.Debug|x64.Build.0 = Debug|x64
		{137447A2-D8A8-42F3-ABAE-FD7F9495BAA9}.Debug|x86.ActiveCfg = Debug|Win32
		{137447A2-D8A8-42F3-ABAE-FD7F9495BAA9}.Debug|x86.Build.0 = Debug|Win32
		{137447A2-D8A8-42F3-ABAE-FD7F9495BAA9}.Release|x64.ActiveCfg = Release|x64
		{137447A2-D8A8-42F3-ABAE-FD7F9495BAA9}.Release|x64.Build.0 = Release|x64
		{137447A2-D8A8-42F3-ABAE-FD7F9495BAA9}.Release|x86.ActiveCfg = Release|Win32
		{137447A2-D8A8-42F3-ABAE-FD7F9495BAA9}.Release|x86.Build.0 = Release|Win32
		{F9B1086E-94A8-417D-912C-0733D3C7AA28}.Debug|x64.ActiveCfg = Debug|x64
		{F9B1086E-94A8-417D-912C-0733D3C7AA28}.Debug|x64.Build.0 = Debug|x64
		{F9B1086E-94A8-417D-912C-0733D3C7AA28}.Debug|x86.ActiveCfg = Debug|Win32
		{F9B1086E-94A8-417D-912C-0733D3C7AA28}.Debug|x86.Build.0 = Debug|Win32
		{F9B1086E-94A8-417D-912C-0733D3C7AA28}.Release|x64.ActiveCfg = Release|x64
		{F9B1086E-94A8-417D-912C-0733D3C7AA28}.Release|x64.Build.0 = Release|x64
		{F9B1086E-94A8-417D-912C-0733D3C7AA28}.Release|x86.ActiveCfg = Release|Win32
		{F9B1086E-94A8-417D-912C-0733D3C7AA28}.Release|x86.Build.0 = Release|Win32
		{5B7B3464-B034-4D0F-AAF1-7073EEBA6C89}.Debug|x64.ActiveCfg = Debug|x64
		{5B7B3464-B034-4D0F-AAF1-7073EEBA6C89}.Debug|x64.Build.0 = Debug|x64
		{5B7B3464-B034-4D0F-AAF1-7073EEBA6C89}.Debug|x86.ActiveCfg = Debug|Win32
		{5B7B3464-B034-4D0F-AAF1-7073EEBA6C89}.Debug|x86.Build.0 = Debug|Win32
		{5B7B3464-B034-4D0F-AAF1-7073EEBA6C89}.Release|x64.ActiveCfg = Release|x64
		{5B7B3464-B034-4D0F-AAF1-7073EEBA6C89}.Release|x64.Build.0 = Release|x64
		{5B7B3464-B034-4D0F-AAF1-7073EEBA6C89}.Release|x86.ActiveCfg = Release|Win32
		{5B7B3464-B034-4D0F-AAF1-7073EEBA6C89}.Release|x86.Build.0 = Release|Win32
	EndGlobalSection
	GlobalSection(SolutionProperties) = preSolution
		HideSolutionNode = FALSE
	EndGlobalSection
	GlobalSection(NestedProjects) = preSolution
		{8231E42E-F014-4E70-A72D-735001736F22} = {BA29EA6C-755D-4F40-9206-22865DEC7332}
		{37D14E83-4126-4198-84C8-EEDC8C8478BC} = {BA29EA6C-755D-4F40-9206-22865DEC7332}
		{4AEE975E-85E2-467D-B770-4EBA95B5CBA7} = {BA29EA6C-755D-4F40-9206-22865DEC7332}
		{FC1007C6-C6A9-4E69-B12D-A7EF8D3D2FA7} = {BA29EA6C-755D-4F40-9206-22865DEC7332}
		{137447A2-D8A8-42F3-ABAE-FD7F9495BAA9} = {BA29EA6C-755D-4F40-9206-22865DEC7332}
		{F9B1086E-94A8-417D-912C-0733D3C7AA28} = {2D573AC3-9A2B-4F71-814B-445455607C6E}
		{5B7B3464-B034-4D0F-AAF1-7073EEBA6C89} = {2D573AC3-9A2B-4F71-814B-445455607C6E}
	EndGlobalSection
	GlobalSection(ExtensibilityGlobals) = postSolution
		SolutionGuid = {63342EA3-DEFC-4D53-A45C-F2B4496CDC89}
	EndGlobalSection
EndGlobal
